
Microsoft Visual Studio Solution File, Format Version 12.00
# Visual Studio Version 17
VisualStudioVersion = 17.3.32901.215
MinimumVisualStudioVersion = 10.0.40219.1
Project("{FAE04EC0-301F-11D3-BF4B-00C04F79EFBC}") = "FileManagerConsoleApi", "FileManagerConsoleApi\FileManagerConsoleApi.csproj", "{CDF9AA43-3DE3-4390-AAB8-2891C66F2254}"
EndProject
Project("{FAE04EC0-301F-11D3-BF4B-00C04F79EFBC}") = "FileManagerCommandsLib", "FileManagerCommandsLib\FileManagerCommandsLib.csproj", "{699D410C-E939-4915-97E4-2DC5FFA35402}"
EndProject
Global
	GlobalSection(SolutionConfigurationPlatforms) = preSolution
		Debug|Any CPU = Debug|Any CPU
		Release|Any CPU = Release|Any CPU
	EndGlobalSection
	GlobalSection(ProjectConfigurationPlatforms) = postSolution
		{CDF9AA43-3DE3-4390-AAB8-2891C66F2254}.Debug|Any CPU.ActiveCfg = Debug|Any CPU
		{CDF9AA43-3DE3-4390-AAB8-2891C66F2254}.Debug|Any CPU.Build.0 = Debug|Any CPU
		{CDF9AA43-3DE3-4390-AAB8-2891C66F2254}.Release|Any CPU.ActiveCfg = Release|Any CPU
		{CDF9AA43-3DE3-4390-AAB8-2891C66F2254}.Release|Any CPU.Build.0 = Release|Any CPU
		{699D410C-E939-4915-97E4-2DC5FFA35402}.Debug|Any CPU.ActiveCfg = Debug|Any CPU
		{699D410C-E939-4915-97E4-2DC5FFA35402}.Debug|Any CPU.Build.0 = Debug|Any CPU
		{699D410C-E939-4915-97E4-2DC5FFA35402}.Release|Any CPU.ActiveCfg = Release|Any CPU
		{699D410C-E939-4915-97E4-2DC5FFA35402}.Release|Any CPU.Build.0 = Release|Any CPU
	EndGlobalSection
	GlobalSection(SolutionProperties) = preSolution
		HideSolutionNode = FALSE
	EndGlobalSection
	GlobalSection(ExtensibilityGlobals) = postSolution
		SolutionGuid = {78E215DC-AA4D-4F18-B405-0B301AEC37B0}
	EndGlobalSection
EndGlobal
